
Microsoft Visual Studio Solution File, Format Version 12.00
# Visual Studio Version 16
VisualStudioVersion = 16.0.30523.141
MinimumVisualStudioVersion = 10.0.40219.1
Project("{FAE04EC0-301F-11D3-BF4B-00C04F79EFBC}") = "RespawnTimer", "RespawnTimer\RespawnTimer.csproj", "{8A5C7D97-95AE-4008-B32E-B365B30DBA30}"
EndProject
Global
	GlobalSection(SolutionConfigurationPlatforms) = preSolution
		EXILED|Any CPU = EXILED|Any CPU
		NWAPI|Any CPU = NWAPI|Any CPU
	EndGlobalSection
	GlobalSection(ProjectConfigurationPlatforms) = postSolution
		{8A5C7D97-95AE-4008-B32E-B365B30DBA30}.EXILED|Any CPU.ActiveCfg = EXILED|Any CPU
		{8A5C7D97-95AE-4008-B32E-B365B30DBA30}.EXILED|Any CPU.Build.0 = EXILED|Any CPU
		{8A5C7D97-95AE-4008-B32E-B365B30DBA30}.NWAPI|Any CPU.ActiveCfg = NWAPI|Any CPU
		{8A5C7D97-95AE-4008-B32E-B365B30DBA30}.NWAPI|Any CPU.Build.0 = NWAPI|Any CPU
	EndGlobalSection
	GlobalSection(SolutionProperties) = preSolution
		HideSolutionNode = FALSE
	EndGlobalSection
	GlobalSection(ExtensibilityGlobals) = postSolution
		SolutionGuid = {B37E0083-57ED-4253-90EF-908606A4C025}
	EndGlobalSection
EndGlobal
